# Copyright 2026 The IREE Authors
#
# Licensed under the Apache License v2.0 with LLVM Exceptions.
# See https://llvm.org/LICENSE.txt for license information.
# SPDX-License-Identifier: Apache-2.0 WITH LLVM-exception

# Generated by build_tools/bazel_to_cmake/deps.py. Do not edit.
#
# Source dependency declarations live in owner-scoped deps.MODULE.bazel
# fragments included by MODULE.bazel. Run this generator in update mode
# when those declarations change.

set(IREE_DEPENDENCY_IDS
  "google_benchmark"
  "googletest"
  "libbacktrace"
  "zstd"
  "catch2"
  "spirv_headers"
  "spirv_tools"
  "vulkan_headers"
  "hsa_runtime_headers"
)

set(IREE_DEP_GOOGLE_BENCHMARK_KIND "bazel_dep")
set(IREE_DEP_GOOGLE_BENCHMARK_OWNER "shared")
set(IREE_DEP_GOOGLE_BENCHMARK_MODULE_NAME "google_benchmark")
set(IREE_DEP_GOOGLE_BENCHMARK_REPO_NAME "com_google_benchmark")
set(IREE_DEP_GOOGLE_BENCHMARK_VERSION "1.9.5")
set(IREE_DEP_GOOGLE_BENCHMARK_DEV_DEPENDENCY "TRUE")
set(IREE_DEP_GOOGLE_BENCHMARK_SOURCE_URL "https://bcr.bazel.build/modules/google_benchmark/1.9.5/source.json")
set(IREE_DEP_GOOGLE_BENCHMARK_URLS
  "https://github.com/google/benchmark/archive/refs/tags/v1.9.5.tar.gz"
)
set(IREE_DEP_GOOGLE_BENCHMARK_SHA256 "9631341c82bac4a288bef951f8b26b41f69021794184ece969f8473977eaa340")
set(IREE_DEP_GOOGLE_BENCHMARK_STRIP_PREFIX "benchmark-1.9.5")
set(IREE_DEP_GOOGLE_BENCHMARK_BUILD_FILE "")
set(IREE_DEP_GOOGLE_BENCHMARK_PATCHES "")
set(IREE_DEP_GOOGLE_BENCHMARK_PATCH_ARGS "")

set(IREE_DEP_GOOGLETEST_KIND "bazel_dep")
set(IREE_DEP_GOOGLETEST_OWNER "shared")
set(IREE_DEP_GOOGLETEST_MODULE_NAME "googletest")
set(IREE_DEP_GOOGLETEST_REPO_NAME "com_google_googletest")
set(IREE_DEP_GOOGLETEST_VERSION "1.17.0.bcr.2")
set(IREE_DEP_GOOGLETEST_DEV_DEPENDENCY "TRUE")
set(IREE_DEP_GOOGLETEST_SOURCE_URL "https://bcr.bazel.build/modules/googletest/1.17.0.bcr.2/source.json")
set(IREE_DEP_GOOGLETEST_URLS
  "https://github.com/google/googletest/releases/download/v1.17.0/googletest-1.17.0.tar.gz"
)
set(IREE_DEP_GOOGLETEST_SHA256 "65fab701d9829d38cb77c14acdc431d2108bfdbf8979e40eb8ae567edf10b27c")
set(IREE_DEP_GOOGLETEST_STRIP_PREFIX "googletest-1.17.0")
set(IREE_DEP_GOOGLETEST_BUILD_FILE "")
set(IREE_DEP_GOOGLETEST_PATCHES "")
set(IREE_DEP_GOOGLETEST_PATCH_ARGS "")

set(IREE_DEP_LIBBACKTRACE_KIND "bazel_dep")
set(IREE_DEP_LIBBACKTRACE_OWNER "shared")
set(IREE_DEP_LIBBACKTRACE_MODULE_NAME "libbacktrace")
set(IREE_DEP_LIBBACKTRACE_REPO_NAME "libbacktrace")
set(IREE_DEP_LIBBACKTRACE_VERSION "1.0.0-20250926-7939218")
set(IREE_DEP_LIBBACKTRACE_DEV_DEPENDENCY "FALSE")
set(IREE_DEP_LIBBACKTRACE_SOURCE_URL "https://bcr.bazel.build/modules/libbacktrace/1.0.0-20250926-7939218/source.json")
set(IREE_DEP_LIBBACKTRACE_URLS
  "https://github.com/ianlancetaylor/libbacktrace/archive/793921876c981ce49759114d7bb89bb89b2d3a2d.tar.gz"
)
set(IREE_DEP_LIBBACKTRACE_SHA256 "858b1225351052234f7e71f0f36622fc9ad33aac947db7816d0b443ae0dd33ce")
set(IREE_DEP_LIBBACKTRACE_STRIP_PREFIX "libbacktrace-793921876c981ce49759114d7bb89bb89b2d3a2d")
set(IREE_DEP_LIBBACKTRACE_BUILD_FILE "")
set(IREE_DEP_LIBBACKTRACE_PATCHES "")
set(IREE_DEP_LIBBACKTRACE_PATCH_ARGS "")

set(IREE_DEP_ZSTD_KIND "bazel_dep")
set(IREE_DEP_ZSTD_OWNER "shared")
set(IREE_DEP_ZSTD_MODULE_NAME "zstd")
set(IREE_DEP_ZSTD_REPO_NAME "zstd")
set(IREE_DEP_ZSTD_VERSION "1.5.7.bcr.1")
set(IREE_DEP_ZSTD_DEV_DEPENDENCY "FALSE")
set(IREE_DEP_ZSTD_SOURCE_URL "https://bcr.bazel.build/modules/zstd/1.5.7.bcr.1/source.json")
set(IREE_DEP_ZSTD_URLS
  "https://github.com/facebook/zstd/releases/download/v1.5.7/zstd-1.5.7.tar.gz"
)
set(IREE_DEP_ZSTD_SHA256 "eb33e51f49a15e023950cd7825ca74a4a2b43db8354825ac24fc1b7ee09e6fa3")
set(IREE_DEP_ZSTD_STRIP_PREFIX "zstd-1.5.7")
set(IREE_DEP_ZSTD_BUILD_FILE "")
set(IREE_DEP_ZSTD_PATCHES "")
set(IREE_DEP_ZSTD_PATCH_ARGS "")

set(IREE_DEP_CATCH2_KIND "bazel_dep")
set(IREE_DEP_CATCH2_OWNER "shared")
set(IREE_DEP_CATCH2_MODULE_NAME "catch2")
set(IREE_DEP_CATCH2_REPO_NAME "catch2")
set(IREE_DEP_CATCH2_VERSION "3.13.0")
set(IREE_DEP_CATCH2_DEV_DEPENDENCY "TRUE")
set(IREE_DEP_CATCH2_SOURCE_URL "https://bcr.bazel.build/modules/catch2/3.13.0/source.json")
set(IREE_DEP_CATCH2_URLS
  "https://github.com/catchorg/Catch2/archive/refs/tags/v3.13.0.tar.gz"
)
set(IREE_DEP_CATCH2_SHA256 "650795f6501af514f806e78c554729847b98db6935e69076f36bb03ed2e985ef")
set(IREE_DEP_CATCH2_STRIP_PREFIX "Catch2-3.13.0")
set(IREE_DEP_CATCH2_BUILD_FILE "")
set(IREE_DEP_CATCH2_PATCHES "")
set(IREE_DEP_CATCH2_PATCH_ARGS "")

set(IREE_DEP_SPIRV_HEADERS_KIND "http_archive")
set(IREE_DEP_SPIRV_HEADERS_OWNER "shared")
set(IREE_DEP_SPIRV_HEADERS_MODULE_NAME "spirv_headers")
set(IREE_DEP_SPIRV_HEADERS_REPO_NAME "spirv_headers")
set(IREE_DEP_SPIRV_HEADERS_VERSION "")
set(IREE_DEP_SPIRV_HEADERS_DEV_DEPENDENCY "FALSE")
set(IREE_DEP_SPIRV_HEADERS_SOURCE_URL "")
set(IREE_DEP_SPIRV_HEADERS_URLS
  "https://github.com/KhronosGroup/SPIRV-Headers/archive/refs/tags/vulkan-sdk-1.4.357.0.tar.gz"
)
set(IREE_DEP_SPIRV_HEADERS_SHA256 "4d703067a7e06331ccb37bdfed3f9b7879cc61969a2689ae95c95db34a47ff07")
set(IREE_DEP_SPIRV_HEADERS_STRIP_PREFIX "SPIRV-Headers-vulkan-sdk-1.4.357.0")
set(IREE_DEP_SPIRV_HEADERS_BUILD_FILE "//build_tools/third_party/spirv_tools:spirv_headers.BUILD.bazel")
set(IREE_DEP_SPIRV_HEADERS_PATCHES "")
set(IREE_DEP_SPIRV_HEADERS_PATCH_ARGS "")

set(IREE_DEP_SPIRV_TOOLS_KIND "http_archive")
set(IREE_DEP_SPIRV_TOOLS_OWNER "shared")
set(IREE_DEP_SPIRV_TOOLS_MODULE_NAME "spirv_tools")
set(IREE_DEP_SPIRV_TOOLS_REPO_NAME "spirv_tools")
set(IREE_DEP_SPIRV_TOOLS_VERSION "")
set(IREE_DEP_SPIRV_TOOLS_DEV_DEPENDENCY "FALSE")
set(IREE_DEP_SPIRV_TOOLS_SOURCE_URL "")
set(IREE_DEP_SPIRV_TOOLS_URLS
  "https://github.com/KhronosGroup/SPIRV-Tools/archive/refs/tags/vulkan-sdk-1.4.357.0.tar.gz"
)
set(IREE_DEP_SPIRV_TOOLS_SHA256 "d31e7109b6ef3559067e53e520870eafed7c9534d00db9728814b6df03fa4a5e")
set(IREE_DEP_SPIRV_TOOLS_STRIP_PREFIX "SPIRV-Tools-vulkan-sdk-1.4.357.0")
set(IREE_DEP_SPIRV_TOOLS_BUILD_FILE "//build_tools/third_party/spirv_tools:spirv_tools.BUILD.bazel")
set(IREE_DEP_SPIRV_TOOLS_PATCHES "")
set(IREE_DEP_SPIRV_TOOLS_PATCH_ARGS "")

set(IREE_DEP_VULKAN_HEADERS_KIND "http_archive")
set(IREE_DEP_VULKAN_HEADERS_OWNER "shared")
set(IREE_DEP_VULKAN_HEADERS_MODULE_NAME "vulkan_headers")
set(IREE_DEP_VULKAN_HEADERS_REPO_NAME "vulkan_headers")
set(IREE_DEP_VULKAN_HEADERS_VERSION "")
set(IREE_DEP_VULKAN_HEADERS_DEV_DEPENDENCY "FALSE")
set(IREE_DEP_VULKAN_HEADERS_SOURCE_URL "")
set(IREE_DEP_VULKAN_HEADERS_URLS
  "https://github.com/KhronosGroup/Vulkan-Headers/archive/refs/tags/vulkan-sdk-1.4.357.0.tar.gz"
)
set(IREE_DEP_VULKAN_HEADERS_SHA256 "e87dce08116151f6b6d7de6b6faf41498e87e6cf848ff16fa3bd5402190ad4a3")
set(IREE_DEP_VULKAN_HEADERS_STRIP_PREFIX "Vulkan-Headers-vulkan-sdk-1.4.357.0")
set(IREE_DEP_VULKAN_HEADERS_BUILD_FILE "//build_tools/third_party/vulkan_headers:vulkan_headers.BUILD.bazel")
set(IREE_DEP_VULKAN_HEADERS_PATCHES "")
set(IREE_DEP_VULKAN_HEADERS_PATCH_ARGS "")

set(IREE_DEP_HSA_RUNTIME_HEADERS_KIND "rocm_repository")
set(IREE_DEP_HSA_RUNTIME_HEADERS_OWNER "shared")
set(IREE_DEP_HSA_RUNTIME_HEADERS_MODULE_NAME "hsa_runtime_headers")
set(IREE_DEP_HSA_RUNTIME_HEADERS_REPO_NAME "hsa_runtime_headers")
set(IREE_DEP_HSA_RUNTIME_HEADERS_VERSION "")
set(IREE_DEP_HSA_RUNTIME_HEADERS_DEV_DEPENDENCY "FALSE")
set(IREE_DEP_HSA_RUNTIME_HEADERS_SOURCE_URL "")
set(IREE_DEP_HSA_RUNTIME_HEADERS_URLS
  "https://github.com/iree-org/hsa-runtime-headers/archive/4285513114a70f7cf4830c89279c8cfa57b901bb.tar.gz"
)
set(IREE_DEP_HSA_RUNTIME_HEADERS_SHA256 "a906b35e77b9cee074995d144cf7718a0069eba08ba7bc741ee7576950fde923")
set(IREE_DEP_HSA_RUNTIME_HEADERS_STRIP_PREFIX "hsa-runtime-headers-4285513114a70f7cf4830c89279c8cfa57b901bb")
set(IREE_DEP_HSA_RUNTIME_HEADERS_BUILD_FILE "//build_tools/third_party/rocm:hsa_runtime_headers.BUILD.bazel")
set(IREE_DEP_HSA_RUNTIME_HEADERS_PATCHES "")
set(IREE_DEP_HSA_RUNTIME_HEADERS_PATCH_ARGS "")
