# Copyright 2026 The IREE Authors
#
# Licensed under the Apache License v2.0 with LLVM Exceptions.
# See https://llvm.org/LICENSE.txt for license information.
# SPDX-License-Identifier: Apache-2.0 WITH LLVM-exception

# Generated by build_tools/bazel_to_cmake/deps.py. Do not edit.
#
# Source dependency declarations live in owner-scoped deps.MODULE.bazel
# fragments included by MODULE.bazel. Run this generator in update mode
# when those declarations change.

set(IREE_DEPENDENCY_IDS
  "google_benchmark"
  "googletest"
  "libbacktrace"
  "catch2"
  "flatcc"
  "hsa_runtime_headers"
  "hip_api_headers"
)

set(IREE_DEP_GOOGLE_BENCHMARK_KIND "bazel_dep")
set(IREE_DEP_GOOGLE_BENCHMARK_OWNER "shared")
set(IREE_DEP_GOOGLE_BENCHMARK_MODULE_NAME "google_benchmark")
set(IREE_DEP_GOOGLE_BENCHMARK_REPO_NAME "com_google_benchmark")
set(IREE_DEP_GOOGLE_BENCHMARK_VERSION "1.9.5")
set(IREE_DEP_GOOGLE_BENCHMARK_DEV_DEPENDENCY "TRUE")
set(IREE_DEP_GOOGLE_BENCHMARK_SOURCE_URL "https://bcr.bazel.build/modules/google_benchmark/1.9.5/source.json")
set(IREE_DEP_GOOGLE_BENCHMARK_URLS
  "https://github.com/google/benchmark/archive/refs/tags/v1.9.5.tar.gz"
)
set(IREE_DEP_GOOGLE_BENCHMARK_SHA256 "9631341c82bac4a288bef951f8b26b41f69021794184ece969f8473977eaa340")
set(IREE_DEP_GOOGLE_BENCHMARK_STRIP_PREFIX "benchmark-1.9.5")
set(IREE_DEP_GOOGLE_BENCHMARK_BUILD_FILE "")

set(IREE_DEP_GOOGLETEST_KIND "bazel_dep")
set(IREE_DEP_GOOGLETEST_OWNER "shared")
set(IREE_DEP_GOOGLETEST_MODULE_NAME "googletest")
set(IREE_DEP_GOOGLETEST_REPO_NAME "com_google_googletest")
set(IREE_DEP_GOOGLETEST_VERSION "1.17.0.bcr.2")
set(IREE_DEP_GOOGLETEST_DEV_DEPENDENCY "TRUE")
set(IREE_DEP_GOOGLETEST_SOURCE_URL "https://bcr.bazel.build/modules/googletest/1.17.0.bcr.2/source.json")
set(IREE_DEP_GOOGLETEST_URLS
  "https://github.com/google/googletest/releases/download/v1.17.0/googletest-1.17.0.tar.gz"
)
set(IREE_DEP_GOOGLETEST_SHA256 "65fab701d9829d38cb77c14acdc431d2108bfdbf8979e40eb8ae567edf10b27c")
set(IREE_DEP_GOOGLETEST_STRIP_PREFIX "googletest-1.17.0")
set(IREE_DEP_GOOGLETEST_BUILD_FILE "")

set(IREE_DEP_LIBBACKTRACE_KIND "bazel_dep")
set(IREE_DEP_LIBBACKTRACE_OWNER "shared")
set(IREE_DEP_LIBBACKTRACE_MODULE_NAME "libbacktrace")
set(IREE_DEP_LIBBACKTRACE_REPO_NAME "libbacktrace")
set(IREE_DEP_LIBBACKTRACE_VERSION "1.0.0-20250926-7939218")
set(IREE_DEP_LIBBACKTRACE_DEV_DEPENDENCY "FALSE")
set(IREE_DEP_LIBBACKTRACE_SOURCE_URL "https://bcr.bazel.build/modules/libbacktrace/1.0.0-20250926-7939218/source.json")
set(IREE_DEP_LIBBACKTRACE_URLS
  "https://github.com/ianlancetaylor/libbacktrace/archive/793921876c981ce49759114d7bb89bb89b2d3a2d.tar.gz"
)
set(IREE_DEP_LIBBACKTRACE_SHA256 "858b1225351052234f7e71f0f36622fc9ad33aac947db7816d0b443ae0dd33ce")
set(IREE_DEP_LIBBACKTRACE_STRIP_PREFIX "libbacktrace-793921876c981ce49759114d7bb89bb89b2d3a2d")
set(IREE_DEP_LIBBACKTRACE_BUILD_FILE "")

set(IREE_DEP_CATCH2_KIND "bazel_dep")
set(IREE_DEP_CATCH2_OWNER "shared")
set(IREE_DEP_CATCH2_MODULE_NAME "catch2")
set(IREE_DEP_CATCH2_REPO_NAME "catch2")
set(IREE_DEP_CATCH2_VERSION "3.13.0")
set(IREE_DEP_CATCH2_DEV_DEPENDENCY "TRUE")
set(IREE_DEP_CATCH2_SOURCE_URL "https://bcr.bazel.build/modules/catch2/3.13.0/source.json")
set(IREE_DEP_CATCH2_URLS
  "https://github.com/catchorg/Catch2/archive/refs/tags/v3.13.0.tar.gz"
)
set(IREE_DEP_CATCH2_SHA256 "650795f6501af514f806e78c554729847b98db6935e69076f36bb03ed2e985ef")
set(IREE_DEP_CATCH2_STRIP_PREFIX "Catch2-3.13.0")
set(IREE_DEP_CATCH2_BUILD_FILE "")

set(IREE_DEP_FLATCC_KIND "http_archive")
set(IREE_DEP_FLATCC_OWNER "shared")
set(IREE_DEP_FLATCC_MODULE_NAME "flatcc")
set(IREE_DEP_FLATCC_REPO_NAME "flatcc")
set(IREE_DEP_FLATCC_VERSION "")
set(IREE_DEP_FLATCC_DEV_DEPENDENCY "FALSE")
set(IREE_DEP_FLATCC_SOURCE_URL "")
set(IREE_DEP_FLATCC_URLS
  "https://github.com/dvidelabs/flatcc/archive/9362cd00f0007d8cbee7bff86e90fb4b6b227ff3.tar.gz"
)
set(IREE_DEP_FLATCC_SHA256 "f77f842e996f5bbfa25305a7b38b40d1325fb44154f2bf9880c58356ece92c62")
set(IREE_DEP_FLATCC_STRIP_PREFIX "flatcc-9362cd00f0007d8cbee7bff86e90fb4b6b227ff3")
set(IREE_DEP_FLATCC_BUILD_FILE "//build_tools/third_party/flatcc:flatcc.BUILD.bazel")

set(IREE_DEP_HSA_RUNTIME_HEADERS_KIND "rocm_repository")
set(IREE_DEP_HSA_RUNTIME_HEADERS_OWNER "shared")
set(IREE_DEP_HSA_RUNTIME_HEADERS_MODULE_NAME "hsa_runtime_headers")
set(IREE_DEP_HSA_RUNTIME_HEADERS_REPO_NAME "hsa_runtime_headers")
set(IREE_DEP_HSA_RUNTIME_HEADERS_VERSION "")
set(IREE_DEP_HSA_RUNTIME_HEADERS_DEV_DEPENDENCY "FALSE")
set(IREE_DEP_HSA_RUNTIME_HEADERS_SOURCE_URL "")
set(IREE_DEP_HSA_RUNTIME_HEADERS_URLS
  "https://github.com/iree-org/hsa-runtime-headers/archive/cc2b5f429de4d1cb2be96ed10e6f45246e408d0e.tar.gz"
)
set(IREE_DEP_HSA_RUNTIME_HEADERS_SHA256 "66bd23285a3886c9b9983ac6de5efe4a828a2a293fd898d7fd75ab6c500741fb")
set(IREE_DEP_HSA_RUNTIME_HEADERS_STRIP_PREFIX "hsa-runtime-headers-cc2b5f429de4d1cb2be96ed10e6f45246e408d0e")
set(IREE_DEP_HSA_RUNTIME_HEADERS_BUILD_FILE "//build_tools/third_party/rocm:hsa_runtime_headers.BUILD.bazel")

set(IREE_DEP_HIP_API_HEADERS_KIND "rocm_repository")
set(IREE_DEP_HIP_API_HEADERS_OWNER "shared")
set(IREE_DEP_HIP_API_HEADERS_MODULE_NAME "hip_api_headers")
set(IREE_DEP_HIP_API_HEADERS_REPO_NAME "hip_api_headers")
set(IREE_DEP_HIP_API_HEADERS_VERSION "")
set(IREE_DEP_HIP_API_HEADERS_DEV_DEPENDENCY "FALSE")
set(IREE_DEP_HIP_API_HEADERS_SOURCE_URL "")
set(IREE_DEP_HIP_API_HEADERS_URLS
  "https://github.com/iree-org/hip-build-deps/archive/c64ec391ab8eaf4c9872660b24a71fda8026b438.tar.gz"
)
set(IREE_DEP_HIP_API_HEADERS_SHA256 "6304eb646a811032bb4ec2db2927170afed677d3a59b8592e986b79dfaae805c")
set(IREE_DEP_HIP_API_HEADERS_STRIP_PREFIX "hip-build-deps-c64ec391ab8eaf4c9872660b24a71fda8026b438")
set(IREE_DEP_HIP_API_HEADERS_BUILD_FILE "//build_tools/third_party/rocm:hip_api_headers.BUILD.bazel")
